
Microsoft Visual Studio Solution File, Format Version 12.00
# Visual Studio Version 16
VisualStudioVersion = 16.0.30413.136
MinimumVisualStudioVersion = 10.0.40219.1
Project("{9A19103F-16F7-4668-BE54-9A1E7A4F7556}") = "FinalCapstone", "FinalCapstone.csproj", "{9F8BC169-EBBC-4C4A-BF8B-8879559B769E}"
EndProject
Project("{9A19103F-16F7-4668-BE54-9A1E7A4F7556}") = "FinalCapstoneApi", "..\FinalCapstoneApi\FinalCapstoneApi.csproj", "{DE756707-7005-4059-8FAC-2AE5F281BD0A}"
EndProject
Global
	GlobalSection(SolutionConfigurationPlatforms) = preSolution
		Debug|Any CPU = Debug|Any CPU
		Release|Any CPU = Release|Any CPU
	EndGlobalSection
	GlobalSection(ProjectConfigurationPlatforms) = postSolution
		{9F8BC169-EBBC-4C4A-BF8B-8879559B769E}.Debug|Any CPU.ActiveCfg = Debug|Any CPU
		{9F8BC169-EBBC-4C4A-BF8B-8879559B769E}.Debug|Any CPU.Build.0 = Debug|Any CPU
		{9F8BC169-EBBC-4C4A-BF8B-8879559B769E}.Release|Any CPU.ActiveCfg = Release|Any CPU
		{9F8BC169-EBBC-4C4A-BF8B-8879559B769E}.Release|Any CPU.Build.0 = Release|Any CPU
		{DE756707-7005-4059-8FAC-2AE5F281BD0A}.Debug|Any CPU.ActiveCfg = Debug|Any CPU
		{DE756707-7005-4059-8FAC-2AE5F281BD0A}.Debug|Any CPU.Build.0 = Debug|Any CPU
		{DE756707-7005-4059-8FAC-2AE5F281BD0A}.Release|Any CPU.ActiveCfg = Release|Any CPU
		{DE756707-7005-4059-8FAC-2AE5F281BD0A}.Release|Any CPU.Build.0 = Release|Any CPU
	EndGlobalSection
	GlobalSection(SolutionProperties) = preSolution
		HideSolutionNode = FALSE
	EndGlobalSection
	GlobalSection(ExtensibilityGlobals) = postSolution
		SolutionGuid = {97EE2A12-274A-470F-B882-492C34E3A61D}
	EndGlobalSection
EndGlobal
